
Microsoft Visual Studio Solution File, Format Version 12.00
# Visual Studio Version 17
VisualStudioVersion = 17.3.32922.545
MinimumVisualStudioVersion = 10.0.40219.1
Project("{9A19103F-16F7-4668-BE54-9A1E7A4F7556}") = "UserMaintenance", "UserMaintenance\UserMaintenance.csproj", "{D38EA5F1-6578-4BDD-B495-514A2A23541E}"
EndProject
Project("{FAE04EC0-301F-11D3-BF4B-00C04F79EFBC}") = "excel", "..\excel\excel.csproj", "{C847499C-35EA-498B-968F-CB68C7EBBE46}"
EndProject
Global
	GlobalSection(SolutionConfigurationPlatforms) = preSolution
		Debug|Any CPU = Debug|Any CPU
		Release|Any CPU = Release|Any CPU
	EndGlobalSection
	GlobalSection(ProjectConfigurationPlatforms) = postSolution
		{D38EA5F1-6578-4BDD-B495-514A2A23541E}.Debug|Any CPU.ActiveCfg = Debug|Any CPU
		{D38EA5F1-6578-4BDD-B495-514A2A23541E}.Debug|Any CPU.Build.0 = Debug|Any CPU
		{D38EA5F1-6578-4BDD-B495-514A2A23541E}.Release|Any CPU.ActiveCfg = Release|Any CPU
		{D38EA5F1-6578-4BDD-B495-514A2A23541E}.Release|Any CPU.Build.0 = Release|Any CPU
		{C847499C-35EA-498B-968F-CB68C7EBBE46}.Debug|Any CPU.ActiveCfg = Debug|Any CPU
		{C847499C-35EA-498B-968F-CB68C7EBBE46}.Debug|Any CPU.Build.0 = Debug|Any CPU
		{C847499C-35EA-498B-968F-CB68C7EBBE46}.Release|Any CPU.ActiveCfg = Release|Any CPU
		{C847499C-35EA-498B-968F-CB68C7EBBE46}.Release|Any CPU.Build.0 = Release|Any CPU
	EndGlobalSection
	GlobalSection(SolutionProperties) = preSolution
		HideSolutionNode = FALSE
	EndGlobalSection
	GlobalSection(ExtensibilityGlobals) = postSolution
		SolutionGuid = {C64D2B33-ACFC-45DE-B007-65627F91A5FB}
	EndGlobalSection
EndGlobal
